
Microsoft Visual Studio Solution File, Format Version 12.00
# Visual Studio 15
VisualStudioVersion = 15.0.26730.16
MinimumVisualStudioVersion = 10.0.40219.1
Project("{FAE04EC0-301F-11D3-BF4B-00C04F79EFBC}") = "FileComparator", "FileComparator\FileComparator.csproj", "{93BFCC94-0B07-43F8-8CFA-BA77BD6B28CA}"
EndProject
Global
	GlobalSection(SolutionConfigurationPlatforms) = preSolution
		Debug|Any CPU = Debug|Any CPU
		Release|Any CPU = Release|Any CPU
	EndGlobalSection
	GlobalSection(ProjectConfigurationPlatforms) = postSolution
		{93BFCC94-0B07-43F8-8CFA-BA77BD6B28CA}.Debug|Any CPU.ActiveCfg = Debug|Any CPU
		{93BFCC94-0B07-43F8-8CFA-BA77BD6B28CA}.Debug|Any CPU.Build.0 = Debug|Any CPU
		{93BFCC94-0B07-43F8-8CFA-BA77BD6B28CA}.Release|Any CPU.ActiveCfg = Release|Any CPU
		{93BFCC94-0B07-43F8-8CFA-BA77BD6B28CA}.Release|Any CPU.Build.0 = Release|Any CPU
	EndGlobalSection
	GlobalSection(SolutionProperties) = preSolution
		HideSolutionNode = FALSE
	EndGlobalSection
	GlobalSection(ExtensibilityGlobals) = postSolution
		SolutionGuid = {46278AB7-7E1B-4275-AD15-31DFE0E10715}
	EndGlobalSection
EndGlobal
